# This file is automatically @generated by Poetry 1.8.3 and should not be changed by hand.

[[package]]
name = "turtle-gcode"
version = "0.0.1"
description = "Convert turtle commands into G-Code"
optional = false
python-versions = ">=3.10"
files = [
    {file = "turtle_gcode-0.0.1-py3-none-any.whl", hash = "sha256:d09b15e2acb1854df448ed94ddf5fc2f557b45b93514ef28873c6347191844df"},
    {file = "turtle_gcode-0.0.1.tar.gz", hash = "sha256:30061386abe7e2a91d9588f0965f84c1742019bed488b34f2379b4682a2a740f"},
]

[metadata]
lock-version = "2.0"
python-versions = "^3.11"
content-hash = "a252c002cdaa74b304e05e239ef5bb6726ef6c42443707f555d1e3fa97e8c56a"
